Microsoft Visual Studio Solution File, Format Version 12.00
# Visual Studio Version 17
VisualStudioVersion = 17.5.2.0
MinimumVisualStudioVersion = 10.0.40219.1
Project("{FAE04EC0-301F-11D3-BF4B-00C04F79EFBC}") = "ToyStoreApp", "ToyStoreApp.csproj", "{634DAC9C-A30E-D4CA-B4E2-4F926E46751B}"
EndProject
Global
	GlobalSection(SolutionConfigurationPlatforms) = preSolution
		Debug|Any CPU = Debug|Any CPU
		Release|Any CPU = Release|Any CPU
	EndGlobalSection
	GlobalSection(ProjectConfigurationPlatforms) = postSolution
		{634DAC9C-A30E-D4CA-B4E2-4F926E46751B}.Debug|Any CPU.ActiveCfg = Debug|Any CPU
		{634DAC9C-A30E-D4CA-B4E2-4F926E46751B}.Debug|Any CPU.Build.0 = Debug|Any CPU
		{634DAC9C-A30E-D4CA-B4E2-4F926E46751B}.Release|Any CPU.ActiveCfg = Release|Any CPU
		{634DAC9C-A30E-D4CA-B4E2-4F926E46751B}.Release|Any CPU.Build.0 = Release|Any CPU
	EndGlobalSection
	GlobalSection(SolutionProperties) = preSolution
		HideSolutionNode = FALSE
	EndGlobalSection
	GlobalSection(ExtensibilityGlobals) = postSolution
		SolutionGuid = {CC517FA3-8702-497C-B3B1-8AFC4D21B59A}
	EndGlobalSection
EndGlobal
